{
  "name": "project-ex03",
  "version": "1.0.0",
  "lockfileVersion": 2,
  "requires": true,
  "packages": {
    "": {
      "name": "project-ex03",
      "version": "1.0.0",
      "license": "ISC",
      "dependencies": {
        "douzone-wjddn154-math": "^1.0.0"
      }
    },
    "node_modules/douzone-wjddn154-math": {
      "version": "1.0.0",
      "resolved": "https://registry.npmjs.org/douzone-wjddn154-math/-/douzone-wjddn154-math-1.0.0.tgz",
      "integrity": "sha512-2PMbymK/p90DtAxucuHpVQK6pQoE+nnCF5DPchSw1IaAgB6+5XFSE/XJdGYlZVrsVNi4dC6PhU8bLv5eRMFZtA=="
    }
  },
  "dependencies": {
    "douzone-wjddn154-math": {
      "version": "1.0.0",
      "resolved": "https://registry.npmjs.org/douzone-wjddn154-math/-/douzone-wjddn154-math-1.0.0.tgz",
      "integrity": "sha512-2PMbymK/p90DtAxucuHpVQK6pQoE+nnCF5DPchSw1IaAgB6+5XFSE/XJdGYlZVrsVNi4dC6PhU8bLv5eRMFZtA=="
    }
  }
}
